// !$*UTF8*$!
{
	archiveVersion = 1;
	classes = {
	};
	objectVersion = 51;
	objects = {

/* Begin PBXBuildFile section */
		1733B78F23838D1B00F3FAB4 /* DispatchQueue+Extension.swift in Sources */ = {isa = PBXBuildFile; fileRef = 1733B78E23838D1B00F3FAB4 /* DispatchQueue+Extension.swift */; };
		1733B79123839EC400F3FAB4 /* SignUpViewModel.swift in Sources */ = {isa = PBXBuildFile; fileRef = 1733B79023839EC400F3FAB4 /* SignUpViewModel.swift */; };
		1733B7952383A7D800F3FAB4 /* String+Extension.swift in Sources */ = {isa = PBXBuildFile; fileRef = 1733B7942383A7D800F3FAB4 /* String+Extension.swift */; };
		1733B7972383A95900F3FAB4 /* SwinjectStoryboard+Setup.swift in Sources */ = {isa = PBXBuildFile; fileRef = 1733B7962383A95900F3FAB4 /* SwinjectStoryboard+Setup.swift */; };
		1733B7992383AFB400F3FAB4 /* UIViewController+Extension .swift in Sources */ = {isa = PBXBuildFile; fileRef = 1733B7982383AFB400F3FAB4 /* UIViewController+Extension .swift */; };
		1733B79C2383C1C500F3FAB4 /* RxSwift+Extension.swift in Sources */ = {isa = PBXBuildFile; fileRef = 1733B79B2383C1C500F3FAB4 /* RxSwift+Extension.swift */; };
		1733B79E2383C58200F3FAB4 /* Login.swift in Sources */ = {isa = PBXBuildFile; fileRef = 1733B79D2383C58200F3FAB4 /* Login.swift */; };
		1733B7A02383C61000F3FAB4 /* LoginViewModel.swift in Sources */ = {isa = PBXBuildFile; fileRef = 1733B79F2383C61000F3FAB4 /* LoginViewModel.swift */; };
		1733B7A42383DDB000F3FAB4 /* LargeTabBar.swift in Sources */ = {isa = PBXBuildFile; fileRef = 1733B7A32383DDB000F3FAB4 /* LargeTabBar.swift */; };
		178A49BC2381971100CA837C /* AppDelegate.swift in Sources */ = {isa = PBXBuildFile; fileRef = 178A49BB2381971100CA837C /* AppDelegate.swift */; };
		178A49BE2381971100CA837C /* SceneDelegate.swift in Sources */ = {isa = PBXBuildFile; fileRef = 178A49BD2381971100CA837C /* SceneDelegate.swift */; };
		178A49C02381971100CA837C /* ViewController.swift in Sources */ = {isa = PBXBuildFile; fileRef = 178A49BF2381971100CA837C /* ViewController.swift */; };
		178A49C32381971100CA837C /* Main.storyboard in Resources */ = {isa = PBXBuildFile; fileRef = 178A49C12381971100CA837C /* Main.storyboard */; };
		178A49C52381971300CA837C /* Assets.xcassets in Resources */ = {isa = PBXBuildFile; fileRef = 178A49C42381971300CA837C /* Assets.xcassets */; };
		178A49C82381971300CA837C /* LaunchScreen.storyboard in Resources */ = {isa = PBXBuildFile; fileRef = 178A49C62381971300CA837C /* LaunchScreen.storyboard */; };
		178A49D32381971300CA837C /* ListAppTests.swift in Sources */ = {isa = PBXBuildFile; fileRef = 178A49D22381971300CA837C /* ListAppTests.swift */; };
		178A49DE2381971300CA837C /* ListAppUITests.swift in Sources */ = {isa = PBXBuildFile; fileRef = 178A49DD2381971300CA837C /* ListAppUITests.swift */; };
		178A4A342381ECBC00CA837C /* UIColor+Extension.swift in Sources */ = {isa = PBXBuildFile; fileRef = 178A4A332381ECBC00CA837C /* UIColor+Extension.swift */; };
		178A4A3623821F1100CA837C /* UserService.swift in Sources */ = {isa = PBXBuildFile; fileRef = 178A4A3523821F1100CA837C /* UserService.swift */; };
		178A4A3823821F8200CA837C /* User.swift in Sources */ = {isa = PBXBuildFile; fileRef = 178A4A3723821F8200CA837C /* User.swift */; };
		178A4A3A2382202200CA837C /* ShoppingItem.swift in Sources */ = {isa = PBXBuildFile; fileRef = 178A4A392382202200CA837C /* ShoppingItem.swift */; };
		178A4A3C238225D400CA837C /* UIView+Extension.swift in Sources */ = {isa = PBXBuildFile; fileRef = 178A4A3B238225D400CA837C /* UIView+Extension.swift */; };
		178A4A3F23823A2300CA837C /* RoundedTextField.swift in Sources */ = {isa = PBXBuildFile; fileRef = 178A4A3E23823A2300CA837C /* RoundedTextField.swift */; };
		178A4A4623825DFA00CA837C /* LoginViewController.swift in Sources */ = {isa = PBXBuildFile; fileRef = 178A4A4523825DFA00CA837C /* LoginViewController.swift */; };
		178A4A482382649800CA837C /* SignUpViewController.swift in Sources */ = {isa = PBXBuildFile; fileRef = 178A4A472382649800CA837C /* SignUpViewController.swift */; };
		178A4A4A238267EA00CA837C /* LabeledTextField.swift in Sources */ = {isa = PBXBuildFile; fileRef = 178A4A49238267EA00CA837C /* LabeledTextField.swift */; };
		178A4A4C2383786F00CA837C /* ApplicationError.swift in Sources */ = {isa = PBXBuildFile; fileRef = 178A4A4B2383786F00CA837C /* ApplicationError.swift */; };
		178A4A4E2383827200CA837C /* SignUp.swift in Sources */ = {isa = PBXBuildFile; fileRef = 178A4A4D2383827200CA837C /* SignUp.swift */; };
		178A4A502383828700CA837C /* UseCase.swift in Sources */ = {isa = PBXBuildFile; fileRef = 178A4A4F2383828700CA837C /* UseCase.swift */; };
		17A41CD32385172800EEA1BF /* AddShoppingItemViewController.swift in Sources */ = {isa = PBXBuildFile; fileRef = 17A41CD22385172800EEA1BF /* AddShoppingItemViewController.swift */; };
		17A41CD52385173900EEA1BF /* AddShoppingItemViewModel.swift in Sources */ = {isa = PBXBuildFile; fileRef = 17A41CD42385173900EEA1BF /* AddShoppingItemViewModel.swift */; };
		17A41CD7238518F100EEA1BF /* AddNewShoppingItem.swift in Sources */ = {isa = PBXBuildFile; fileRef = 17A41CD6238518F100EEA1BF /* AddNewShoppingItem.swift */; };
		17A41CD9238525F300EEA1BF /* RxSimpleAnimatableDataSource.swift in Sources */ = {isa = PBXBuildFile; fileRef = 17A41CD8238525F300EEA1BF /* RxSimpleAnimatableDataSource.swift */; };
		17A41CDB2385293100EEA1BF /* UpdateUserProfile.swift in Sources */ = {isa = PBXBuildFile; fileRef = 17A41CDA2385293100EEA1BF /* UpdateUserProfile.swift */; };
		17A41CDD238529CD00EEA1BF /* ProfileViewController.swift in Sources */ = {isa = PBXBuildFile; fileRef = 17A41CDC238529CD00EEA1BF /* ProfileViewController.swift */; };
		17A41CDF238529D800EEA1BF /* ProfileViewModel.swift in Sources */ = {isa = PBXBuildFile; fileRef = 17A41CDE238529D800EEA1BF /* ProfileViewModel.swift */; };
		17E3BA60238459EA00FB14EE /* ShoppingListViewController.swift in Sources */ = {isa = PBXBuildFile; fileRef = 17E3BA5F238459EA00FB14EE /* ShoppingListViewController.swift */; };
		17E3BA642384CE9B00FB14EE /* ShoppingListViewModel.swift in Sources */ = {isa = PBXBuildFile; fileRef = 17E3BA632384CE9B00FB14EE /* ShoppingListViewModel.swift */; };
		17E3BA662384D44C00FB14EE /* ShoppingListService.swift in Sources */ = {isa = PBXBuildFile; fileRef = 17E3BA652384D44C00FB14EE /* ShoppingListService.swift */; };
		17E3BA682384DC8C00FB14EE /* GetShoppingList.swift in Sources */ = {isa = PBXBuildFile; fileRef = 17E3BA672384DC8C00FB14EE /* GetShoppingList.swift */; };
		17E3BA6A2384E49B00FB14EE /* ListAppTabBarController.swift in Sources */ = {isa = PBXBuildFile; fileRef = 17E3BA692384E49B00FB14EE /* ListAppTabBarController.swift */; };
		17E3BA6C2384EBA500FB14EE /* DeleteShoppingItem.swift in Sources */ = {isa = PBXBuildFile; fileRef = 17E3BA6B2384EBA500FB14EE /* DeleteShoppingItem.swift */; };
		17E3BA6E2384EBB600FB14EE /* UpdateShoppingItem.swift in Sources */ = {isa = PBXBuildFile; fileRef = 17E3BA6D2384EBB600FB14EE /* UpdateShoppingItem.swift */; };
		17E3BA702384EFF600FB14EE /* ShoppingItemTableViewCell.swift in Sources */ = {isa = PBXBuildFile; fileRef = 17E3BA6F2384EFF600FB14EE /* ShoppingItemTableViewCell.swift */; };
		719FB6480F2FBB8E60EC2437 /* Pods_ListAppUITests.framework in Frameworks */ = {isa = PBXBuildFile; fileRef = 01F7C44A86CE5B567E103130 /* Pods_ListAppUITests.framework */; };
		71F2FD2B3D408FD4352FF1D1 /* Pods_ListApp.framework in Frameworks */ = {isa = PBXBuildFile; fileRef = CB7F7DA9777979FF0668EED0 /* Pods_ListApp.framework */; };
		8FC6AC6B82FCE1D0E68711F8 /* Pods_ListAppTests.framework in Frameworks */ = {isa = PBXBuildFile; fileRef = 6C351024BB5BDCA3BED9DFE6 /* Pods_ListAppTests.framework */; };
/* End PBXBuildFile section */

/* Begin PBXContainerItemProxy section */
		178A49CF2381971300CA837C /* PBXContainerItemProxy */ = {
			isa = PBXContainerItemProxy;
			containerPortal = 178A49B02381971100CA837C /* Project object */;
			proxyType = 1;
			remoteGlobalIDString = 178A49B72381971100CA837C;
			remoteInfo = ListApp;
		};
		178A49DA2381971300CA837C /* PBXContainerItemProxy */ = {
			isa = PBXContainerItemProxy;
			containerPortal = 178A49B02381971100CA837C /* Project object */;
			proxyType = 1;
			remoteGlobalIDString = 178A49B72381971100CA837C;
			remoteInfo = ListApp;
		};
/* End PBXContainerItemProxy section */

/* Begin PBXFileReference section */
		01F7C44A86CE5B567E103130 /* Pods_ListAppUITests.framework */ = {isa = PBXFileReference; explicitFileType = wrapper.framework; includeInIndex = 0; path = Pods_ListAppUITests.framework; sourceTree = BUILT_PRODUCTS_DIR; };
		1733B78E23838D1B00F3FAB4 /* DispatchQueue+Extension.swift */ = {isa = PBXFileReference; fileEncoding = 4; lastKnownFileType = sourcecode.swift; path = "DispatchQueue+Extension.swift"; sourceTree = "<group>"; };
		1733B79023839EC400F3FAB4 /* SignUpViewModel.swift */ = {isa = PBXFileReference; lastKnownFileType = sourcecode.swift; path = SignUpViewModel.swift; sourceTree = "<group>"; };
		1733B7942383A7D800F3FAB4 /* String+Extension.swift */ = {isa = PBXFileReference; fileEncoding = 4; lastKnownFileType = sourcecode.swift; path = "String+Extension.swift"; sourceTree = "<group>"; };
		1733B7962383A95900F3FAB4 /* SwinjectStoryboard+Setup.swift */ = {isa = PBXFileReference; fileEncoding = 4; lastKnownFileType = sourcecode.swift; path = "SwinjectStoryboard+Setup.swift"; sourceTree = "<group>"; };
		1733B7982383AFB400F3FAB4 /* UIViewController+Extension .swift */ = {isa = PBXFileReference; fileEncoding = 4; lastKnownFileType = sourcecode.swift; path = "UIViewController+Extension .swift"; sourceTree = "<group>"; };
		1733B79B2383C1C500F3FAB4 /* RxSwift+Extension.swift */ = {isa = PBXFileReference; fileEncoding = 4; lastKnownFileType = sourcecode.swift; path = "RxSwift+Extension.swift"; sourceTree = "<group>"; };
		1733B79D2383C58200F3FAB4 /* Login.swift */ = {isa = PBXFileReference; lastKnownFileType = sourcecode.swift; path = Login.swift; sourceTree = "<group>"; };
		1733B79F2383C61000F3FAB4 /* LoginViewModel.swift */ = {isa = PBXFileReference; lastKnownFileType = sourcecode.swift; path = LoginViewModel.swift; sourceTree = "<group>"; };
		1733B7A32383DDB000F3FAB4 /* LargeTabBar.swift */ = {isa = PBXFileReference; lastKnownFileType = sourcecode.swift; path = LargeTabBar.swift; sourceTree = "<group>"; };
		178A49B82381971100CA837C /* ListApp.app */ = {isa = PBXFileReference; explicitFileType = wrapper.application; includeInIndex = 0; path = ListApp.app; sourceTree = BUILT_PRODUCTS_DIR; };
		178A49BB2381971100CA837C /* AppDelegate.swift */ = {isa = PBXFileReference; lastKnownFileType = sourcecode.swift; path = AppDelegate.swift; sourceTree = "<group>"; };
		178A49BD2381971100CA837C /* SceneDelegate.swift */ = {isa = PBXFileReference; lastKnownFileType = sourcecode.swift; path = SceneDelegate.swift; sourceTree = "<group>"; };
		178A49BF2381971100CA837C /* ViewController.swift */ = {isa = PBXFileReference; lastKnownFileType = sourcecode.swift; path = ViewController.swift; sourceTree = "<group>"; };
		178A49C22381971100CA837C /* Base */ = {isa = PBXFileReference; lastKnownFileType = file.storyboard; name = Base; path = Base.lproj/Main.storyboard; sourceTree = "<group>"; };
		178A49C42381971300CA837C /* Assets.xcassets */ = {isa = PBXFileReference; lastKnownFileType = folder.assetcatalog; path = Assets.xcassets; sourceTree = "<group>"; };
		178A49C72381971300CA837C /* Base */ = {isa = PBXFileReference; lastKnownFileType = file.storyboard; name = Base; path = Base.lproj/LaunchScreen.storyboard; sourceTree = "<group>"; };
		178A49C92381971300CA837C /* Info.plist */ = {isa = PBXFileReference; lastKnownFileType = text.plist.xml; path = Info.plist; sourceTree = "<group>"; };
		178A49CE2381971300CA837C /* ListAppTests.xctest */ = {isa = PBXFileReference; explicitFileType = wrapper.cfbundle; includeInIndex = 0; path = ListAppTests.xctest; sourceTree = BUILT_PRODUCTS_DIR; };
		178A49D22381971300CA837C /* ListAppTests.swift */ = {isa = PBXFileReference; lastKnownFileType = sourcecode.swift; path = ListAppTests.swift; sourceTree = "<group>"; };
		178A49D42381971300CA837C /* Info.plist */ = {isa = PBXFileReference; lastKnownFileType = text.plist.xml; path = Info.plist; sourceTree = "<group>"; };
		178A49D92381971300CA837C /* ListAppUITests.xctest */ = {isa = PBXFileReference; explicitFileType = wrapper.cfbundle; includeInIndex = 0; path = ListAppUITests.xctest; sourceTree = BUILT_PRODUCTS_DIR; };
		178A49DD2381971300CA837C /* ListAppUITests.swift */ = {isa = PBXFileReference; lastKnownFileType = sourcecode.swift; path = ListAppUITests.swift; sourceTree = "<group>"; };
		178A49DF2381971300CA837C /* Info.plist */ = {isa = PBXFileReference; lastKnownFileType = text.plist.xml; path = Info.plist; sourceTree = "<group>"; };
		178A4A332381ECBC00CA837C /* UIColor+Extension.swift */ = {isa = PBXFileReference; fileEncoding = 4; lastKnownFileType = sourcecode.swift; path = "UIColor+Extension.swift"; sourceTree = "<group>"; };
		178A4A3523821F1100CA837C /* UserService.swift */ = {isa = PBXFileReference; lastKnownFileType = sourcecode.swift; path = UserService.swift; sourceTree = "<group>"; };
		178A4A3723821F8200CA837C /* User.swift */ = {isa = PBXFileReference; lastKnownFileType = sourcecode.swift; path = User.swift; sourceTree = "<group>"; };
		178A4A392382202200CA837C /* ShoppingItem.swift */ = {isa = PBXFileReference; lastKnownFileType = sourcecode.swift; path = ShoppingItem.swift; sourceTree = "<group>"; };
		178A4A3B238225D400CA837C /* UIView+Extension.swift */ = {isa = PBXFileReference; fileEncoding = 4; lastKnownFileType = sourcecode.swift; path = "UIView+Extension.swift"; sourceTree = "<group>"; };
		178A4A3E23823A2300CA837C /* RoundedTextField.swift */ = {isa = PBXFileReference; lastKnownFileType = sourcecode.swift; path = RoundedTextField.swift; sourceTree = "<group>"; };
		178A4A4523825DFA00CA837C /* LoginViewController.swift */ = {isa = PBXFileReference; lastKnownFileType = sourcecode.swift; path = LoginViewController.swift; sourceTree = "<group>"; };
		178A4A472382649800CA837C /* SignUpViewController.swift */ = {isa = PBXFileReference; lastKnownFileType = sourcecode.swift; path = SignUpViewController.swift; sourceTree = "<group>"; };
		178A4A49238267EA00CA837C /* LabeledTextField.swift */ = {isa = PBXFileReference; lastKnownFileType = sourcecode.swift; path = LabeledTextField.swift; sourceTree = "<group>"; };
		178A4A4B2383786F00CA837C /* ApplicationError.swift */ = {isa = PBXFileReference; lastKnownFileType = sourcecode.swift; path = ApplicationError.swift; sourceTree = "<group>"; };
		178A4A4D2383827200CA837C /* SignUp.swift */ = {isa = PBXFileReference; lastKnownFileType = sourcecode.swift; path = SignUp.swift; sourceTree = "<group>"; };
		178A4A4F2383828700CA837C /* UseCase.swift */ = {isa = PBXFileReference; lastKnownFileType = sourcecode.swift; path = UseCase.swift; sourceTree = "<group>"; };
		17A41CD22385172800EEA1BF /* AddShoppingItemViewController.swift */ = {isa = PBXFileReference; lastKnownFileType = sourcecode.swift; path = AddShoppingItemViewController.swift; sourceTree = "<group>"; };
		17A41CD42385173900EEA1BF /* AddShoppingItemViewModel.swift */ = {isa = PBXFileReference; lastKnownFileType = sourcecode.swift; path = AddShoppingItemViewModel.swift; sourceTree = "<group>"; };
		17A41CD6238518F100EEA1BF /* AddNewShoppingItem.swift */ = {isa = PBXFileReference; lastKnownFileType = sourcecode.swift; path = AddNewShoppingItem.swift; sourceTree = "<group>"; };
		17A41CD8238525F300EEA1BF /* RxSimpleAnimatableDataSource.swift */ = {isa = PBXFileReference; lastKnownFileType = sourcecode.swift; path = RxSimpleAnimatableDataSource.swift; sourceTree = "<group>"; };
		17A41CDA2385293100EEA1BF /* UpdateUserProfile.swift */ = {isa = PBXFileReference; lastKnownFileType = sourcecode.swift; path = UpdateUserProfile.swift; sourceTree = "<group>"; };
		17A41CDC238529CD00EEA1BF /* ProfileViewController.swift */ = {isa = PBXFileReference; lastKnownFileType = sourcecode.swift; path = ProfileViewController.swift; sourceTree = "<group>"; };
		17A41CDE238529D800EEA1BF /* ProfileViewModel.swift */ = {isa = PBXFileReference; lastKnownFileType = sourcecode.swift; path = ProfileViewModel.swift; sourceTree = "<group>"; };
		17E3BA5F238459EA00FB14EE /* ShoppingListViewController.swift */ = {isa = PBXFileReference; lastKnownFileType = sourcecode.swift; path = ShoppingListViewController.swift; sourceTree = "<group>"; };
		17E3BA632384CE9B00FB14EE /* ShoppingListViewModel.swift */ = {isa = PBXFileReference; lastKnownFileType = sourcecode.swift; path = ShoppingListViewModel.swift; sourceTree = "<group>"; };
		17E3BA652384D44C00FB14EE /* ShoppingListService.swift */ = {isa = PBXFileReference; lastKnownFileType = sourcecode.swift; path = ShoppingListService.swift; sourceTree = "<group>"; };
		17E3BA672384DC8C00FB14EE /* GetShoppingList.swift */ = {isa = PBXFileReference; lastKnownFileType = sourcecode.swift; path = GetShoppingList.swift; sourceTree = "<group>"; };
		17E3BA692384E49B00FB14EE /* ListAppTabBarController.swift */ = {isa = PBXFileReference; lastKnownFileType = sourcecode.swift; path = ListAppTabBarController.swift; sourceTree = "<group>"; };
		17E3BA6B2384EBA500FB14EE /* DeleteShoppingItem.swift */ = {isa = PBXFileReference; lastKnownFileType = sourcecode.swift; path = DeleteShoppingItem.swift; sourceTree = "<group>"; };
		17E3BA6D2384EBB600FB14EE /* UpdateShoppingItem.swift */ = {isa = PBXFileReference; lastKnownFileType = sourcecode.swift; path = UpdateShoppingItem.swift; sourceTree = "<group>"; };
		17E3BA6F2384EFF600FB14EE /* ShoppingItemTableViewCell.swift */ = {isa = PBXFileReference; lastKnownFileType = sourcecode.swift; path = ShoppingItemTableViewCell.swift; sourceTree = "<group>"; };
		5E3781FC40DAA32EEDBBF0DF /* Pods-ListApp.release.xcconfig */ = {isa = PBXFileReference; includeInIndex = 1; lastKnownFileType = text.xcconfig; name = "Pods-ListApp.release.xcconfig"; path = "Target Support Files/Pods-ListApp/Pods-ListApp.release.xcconfig"; sourceTree = "<group>"; };
		6C351024BB5BDCA3BED9DFE6 /* Pods_ListAppTests.framework */ = {isa = PBXFileReference; explicitFileType = wrapper.framework; includeInIndex = 0; path = Pods_ListAppTests.framework; sourceTree = BUILT_PRODUCTS_DIR; };
		AA9425B67F6A95DE7C01DEB6 /* Pods-ListAppUITests.debug.xcconfig */ = {isa = PBXFileReference; includeInIndex = 1; lastKnownFileType = text.xcconfig; name = "Pods-ListAppUITests.debug.xcconfig"; path = "Target Support Files/Pods-ListAppUITests/Pods-ListAppUITests.debug.xcconfig"; sourceTree = "<group>"; };
		C34D2ACA5102DDB27C9B12C4 /* Pods-ListAppUITests.release.xcconfig */ = {isa = PBXFileReference; includeInIndex = 1; lastKnownFileType = text.xcconfig; name = "Pods-ListAppUITests.release.xcconfig"; path = "Target Support Files/Pods-ListAppUITests/Pods-ListAppUITests.release.xcconfig"; sourceTree = "<group>"; };
		CB7F7DA9777979FF0668EED0 /* Pods_ListApp.framework */ = {isa = PBXFileReference; explicitFileType = wrapper.framework; includeInIndex = 0; path = Pods_ListApp.framework; sourceTree = BUILT_PRODUCTS_DIR; };
		D28BD7F5A38D935B091D1806 /* Pods-ListAppTests.debug.xcconfig */ = {isa = PBXFileReference; includeInIndex = 1; lastKnownFileType = text.xcconfig; name = "Pods-ListAppTests.debug.xcconfig"; path = "Target Support Files/Pods-ListAppTests/Pods-ListAppTests.debug.xcconfig"; sourceTree = "<group>"; };
		DE3B2810F03F8016335FECD4 /* Pods-ListApp.debug.xcconfig */ = {isa = PBXFileReference; includeInIndex = 1; lastKnownFileType = text.xcconfig; name = "Pods-ListApp.debug.xcconfig"; path = "Target Support Files/Pods-ListApp/Pods-ListApp.debug.xcconfig"; sourceTree = "<group>"; };
		E9BD60D862801ED6F07B39C1 /* Pods-ListAppTests.release.xcconfig */ = {isa = PBXFileReference; includeInIndex = 1; lastKnownFileType = text.xcconfig; name = "Pods-ListAppTests.release.xcconfig"; path = "Target Support Files/Pods-ListAppTests/Pods-ListAppTests.release.xcconfig"; sourceTree = "<group>"; };
/* End PBXFileReference section */

/* Begin PBXFrameworksBuildPhase section */
		178A49B52381971100CA837C /* Frameworks */ = {
			isa = PBXFrameworksBuildPhase;
			buildActionMask = 2147483647;
			files = (
				71F2FD2B3D408FD4352FF1D1 /* Pods_ListApp.framework in Frameworks */,
			);
			runOnlyForDeploymentPostprocessing = 0;
		};
		178A49CB2381971300CA837C /* Frameworks */ = {
			isa = PBXFrameworksBuildPhase;
			buildActionMask = 2147483647;
			files = (
				8FC6AC6B82FCE1D0E68711F8 /* Pods_ListAppTests.framework in Frameworks */,
			);
			runOnlyForDeploymentPostprocessing = 0;
		};
		178A49D62381971300CA837C /* Frameworks */ = {
			isa = PBXFrameworksBuildPhase;
			buildActionMask = 2147483647;
			files = (
				719FB6480F2FBB8E60EC2437 /* Pods_ListAppUITests.framework in Frameworks */,
			);
			runOnlyForDeploymentPostprocessing = 0;
		};
/* End PBXFrameworksBuildPhase section */

/* Begin PBXGroup section */
		178A49AF2381971100CA837C = {
			isa = PBXGroup;
			children = (
				178A49BA2381971100CA837C /* ListApp */,
				178A49D12381971300CA837C /* ListAppTests */,
				178A49DC2381971300CA837C /* ListAppUITests */,
				178A49B92381971100CA837C /* Products */,
				977C1712C6EBEF5DAAFEF661 /* Pods */,
				91D1C72F86477BE358C775FA /* Frameworks */,
			);
			sourceTree = "<group>";
		};
		178A49B92381971100CA837C /* Products */ = {
			isa = PBXGroup;
			children = (
				178A49B82381971100CA837C /* ListApp.app */,
				178A49CE2381971300CA837C /* ListAppTests.xctest */,
				178A49D92381971300CA837C /* ListAppUITests.xctest */,
			);
			name = Products;
			sourceTree = "<group>";
		};
		178A49BA2381971100CA837C /* ListApp */ = {
			isa = PBXGroup;
			children = (
				178A49EB2381994C00CA837C /* Data */,
				178A49ED2381996900CA837C /* Domain */,
				178A49EC2381995900CA837C /* UI */,
				178A49EE2381997100CA837C /* Supporting Files */,
				178A49BB2381971100CA837C /* AppDelegate.swift */,
				178A49BD2381971100CA837C /* SceneDelegate.swift */,
				178A49C42381971300CA837C /* Assets.xcassets */,
				178A49C92381971300CA837C /* Info.plist */,
				178A49C62381971300CA837C /* LaunchScreen.storyboard */,
				178A49C12381971100CA837C /* Main.storyboard */,
			);
			path = ListApp;
			sourceTree = "<group>";
		};
		178A49D12381971300CA837C /* ListAppTests */ = {
			isa = PBXGroup;
			children = (
				178A49D22381971300CA837C /* ListAppTests.swift */,
				178A49D42381971300CA837C /* Info.plist */,
			);
			path = ListAppTests;
			sourceTree = "<group>";
		};
		178A49DC2381971300CA837C /* ListAppUITests */ = {
			isa = PBXGroup;
			children = (
				178A49DD2381971300CA837C /* ListAppUITests.swift */,
				178A49DF2381971300CA837C /* Info.plist */,
			);
			path = ListAppUITests;
			sourceTree = "<group>";
		};
		178A49EB2381994C00CA837C /* Data */ = {
			isa = PBXGroup;
			children = (
				178A4A2D2381D39500CA837C /* Network */,
			);
			path = Data;
			sourceTree = "<group>";
		};
		178A49EC2381995900CA837C /* UI */ = {
			isa = PBXGroup;
			children = (
				17A41CD1238516D000EEA1BF /* AddShoppingItem */,
				178A4A2E2381D3A100CA837C /* Login */,
				178A4A2F2381D3AA00CA837C /* Profile */,
				17E3BA5E2384589900FB14EE /* Shopping List */,
				178A4A312381D3DB00CA837C /* Sign Up */,
				178A49BF2381971100CA837C /* ViewController.swift */,
				17E3BA692384E49B00FB14EE /* ListAppTabBarController.swift */,
			);
			path = UI;
			sourceTree = "<group>";
		};
		178A49ED2381996900CA837C /* Domain */ = {
			isa = PBXGroup;
			children = (
				178A4A2B2381D38000CA837C /* Models */,
				178A4A2C2381D38600CA837C /* Use Cases */,
			);
			path = Domain;
			sourceTree = "<group>";
		};
		178A49EE2381997100CA837C /* Supporting Files */ = {
			isa = PBXGroup;
			children = (
				178A4A3D2382299900CA837C /* Custom Views */,
				178A4A322381EC8100CA837C /* Extensions */,
				178A4A4B2383786F00CA837C /* ApplicationError.swift */,
				17A41CD8238525F300EEA1BF /* RxSimpleAnimatableDataSource.swift */,
				1733B7962383A95900F3FAB4 /* SwinjectStoryboard+Setup.swift */,
			);
			path = "Supporting Files";
			sourceTree = "<group>";
		};
		178A4A2B2381D38000CA837C /* Models */ = {
			isa = PBXGroup;
			children = (
				178A4A3723821F8200CA837C /* User.swift */,
				178A4A392382202200CA837C /* ShoppingItem.swift */,
			);
			path = Models;
			sourceTree = "<group>";
		};
		178A4A2C2381D38600CA837C /* Use Cases */ = {
			isa = PBXGroup;
			children = (
				17A41CD6238518F100EEA1BF /* AddNewShoppingItem.swift */,
				17E3BA6B2384EBA500FB14EE /* DeleteShoppingItem.swift */,
				17E3BA672384DC8C00FB14EE /* GetShoppingList.swift */,
				1733B79D2383C58200F3FAB4 /* Login.swift */,
				178A4A4D2383827200CA837C /* SignUp.swift */,
				17E3BA6D2384EBB600FB14EE /* UpdateShoppingItem.swift */,
				17A41CDA2385293100EEA1BF /* UpdateUserProfile.swift */,
				178A4A4F2383828700CA837C /* UseCase.swift */,
			);
			path = "Use Cases";
			sourceTree = "<group>";
		};
		178A4A2D2381D39500CA837C /* Network */ = {
			isa = PBXGroup;
			children = (
				178A4A3523821F1100CA837C /* UserService.swift */,
				17E3BA652384D44C00FB14EE /* ShoppingListService.swift */,
			);
			path = Network;
			sourceTree = "<group>";
		};
		178A4A2E2381D3A100CA837C /* Login */ = {
			isa = PBXGroup;
			children = (
				178A4A4523825DFA00CA837C /* LoginViewController.swift */,
				1733B79F2383C61000F3FAB4 /* LoginViewModel.swift */,
			);
			path = Login;
			sourceTree = "<group>";
		};
		178A4A2F2381D3AA00CA837C /* Profile */ = {
			isa = PBXGroup;
			children = (
				17A41CDC238529CD00EEA1BF /* ProfileViewController.swift */,
				17A41CDE238529D800EEA1BF /* ProfileViewModel.swift */,
			);
			path = Profile;
			sourceTree = "<group>";
		};
		178A4A312381D3DB00CA837C /* Sign Up */ = {
			isa = PBXGroup;
			children = (
				178A4A472382649800CA837C /* SignUpViewController.swift */,
				1733B79023839EC400F3FAB4 /* SignUpViewModel.swift */,
			);
			path = "Sign Up";
			sourceTree = "<group>";
		};
		178A4A322381EC8100CA837C /* Extensions */ = {
			isa = PBXGroup;
			children = (
				1733B78E23838D1B00F3FAB4 /* DispatchQueue+Extension.swift */,
				1733B79B2383C1C500F3FAB4 /* RxSwift+Extension.swift */,
				1733B7942383A7D800F3FAB4 /* String+Extension.swift */,
				178A4A332381ECBC00CA837C /* UIColor+Extension.swift */,
				178A4A3B238225D400CA837C /* UIView+Extension.swift */,
				1733B7982383AFB400F3FAB4 /* UIViewController+Extension .swift */,
			);
			path = Extensions;
			sourceTree = "<group>";
		};
		178A4A3D2382299900CA837C /* Custom Views */ = {
			isa = PBXGroup;
			children = (
				178A4A49238267EA00CA837C /* LabeledTextField.swift */,
				1733B7A32383DDB000F3FAB4 /* LargeTabBar.swift */,
				178A4A3E23823A2300CA837C /* RoundedTextField.swift */,
			);
			path = "Custom Views";
			sourceTree = "<group>";
		};
		17A41CD1238516D000EEA1BF /* AddShoppingItem */ = {
			isa = PBXGroup;
			children = (
				17A41CD22385172800EEA1BF /* AddShoppingItemViewController.swift */,
				17A41CD42385173900EEA1BF /* AddShoppingItemViewModel.swift */,
			);
			path = AddShoppingItem;
			sourceTree = "<group>";
		};
		17E3BA5E2384589900FB14EE /* Shopping List */ = {
			isa = PBXGroup;
			children = (
				17E3BA5F238459EA00FB14EE /* ShoppingListViewController.swift */,
				17E3BA632384CE9B00FB14EE /* ShoppingListViewModel.swift */,
				17E3BA6F2384EFF600FB14EE /* ShoppingItemTableViewCell.swift */,
			);
			path = "Shopping List";
			sourceTree = "<group>";
		};
		91D1C72F86477BE358C775FA /* Frameworks */ = {
			isa = PBXGroup;
			children = (
				CB7F7DA9777979FF0668EED0 /* Pods_ListApp.framework */,
				6C351024BB5BDCA3BED9DFE6 /* Pods_ListAppTests.framework */,
				01F7C44A86CE5B567E103130 /* Pods_ListAppUITests.framework */,
			);
			name = Frameworks;
			sourceTree = "<group>";
		};
		977C1712C6EBEF5DAAFEF661 /* Pods */ = {
			isa = PBXGroup;
			children = (
				DE3B2810F03F8016335FECD4 /* Pods-ListApp.debug.xcconfig */,
				5E3781FC40DAA32EEDBBF0DF /* Pods-ListApp.release.xcconfig */,
				D28BD7F5A38D935B091D1806 /* Pods-ListAppTests.debug.xcconfig */,
				E9BD60D862801ED6F07B39C1 /* Pods-ListAppTests.release.xcconfig */,
				AA9425B67F6A95DE7C01DEB6 /* Pods-ListAppUITests.debug.xcconfig */,
				C34D2ACA5102DDB27C9B12C4 /* Pods-ListAppUITests.release.xcconfig */,
			);
			path = Pods;
			sourceTree = "<group>";
		};
/* End PBXGroup section */

/* Begin PBXNativeTarget section */
		178A49B72381971100CA837C /* ListApp */ = {
			isa = PBXNativeTarget;
			buildConfigurationList = 178A49E22381971300CA837C /* Build configuration list for PBXNativeTarget "ListApp" */;
			buildPhases = (
				1133D8846DA62ACCB08F72DB /* [CP] Check Pods Manifest.lock */,
				178A49B42381971100CA837C /* Sources */,
				178A49B52381971100CA837C /* Frameworks */,
				178A49B62381971100CA837C /* Resources */,
				D84F41402D13CFFDFB3BC7F2 /* [CP] Embed Pods Frameworks */,
			);
			buildRules = (
			);
			dependencies = (
			);
			name = ListApp;
			productName = ListApp;
			productReference = 178A49B82381971100CA837C /* ListApp.app */;
			productType = "com.apple.product-type.application";
		};
		178A49CD2381971300CA837C /* ListAppTests */ = {
			isa = PBXNativeTarget;
			buildConfigurationList = 178A49E52381971300CA837C /* Build configuration list for PBXNativeTarget "ListAppTests" */;
			buildPhases = (
				A13925855CF24B6463C03F6F /* [CP] Check Pods Manifest.lock */,
				178A49CA2381971300CA837C /* Sources */,
				178A49CB2381971300CA837C /* Frameworks */,
				178A49CC2381971300CA837C /* Resources */,
			);
			buildRules = (
			);
			dependencies = (
				178A49D02381971300CA837C /* PBXTargetDependency */,
			);
			name = ListAppTests;
			productName = ListAppTests;
			productReference = 178A49CE2381971300CA837C /* ListAppTests.xctest */;
			productType = "com.apple.product-type.bundle.unit-test";
		};
		178A49D82381971300CA837C /* ListAppUITests */ = {
			isa = PBXNativeTarget;
			buildConfigurationList = 178A49E82381971300CA837C /* Build configuration list for PBXNativeTarget "ListAppUITests" */;
			buildPhases = (
				3289D421CAAC71C9C79A037A /* [CP] Check Pods Manifest.lock */,
				178A49D52381971300CA837C /* Sources */,
				178A49D62381971300CA837C /* Frameworks */,
				178A49D72381971300CA837C /* Resources */,
			);
			buildRules = (
			);
			dependencies = (
				178A49DB2381971300CA837C /* PBXTargetDependency */,
			);
			name = ListAppUITests;
			productName = ListAppUITests;
			productReference = 178A49D92381971300CA837C /* ListAppUITests.xctest */;
			productType = "com.apple.product-type.bundle.ui-testing";
		};
/* End PBXNativeTarget section */

/* Begin PBXProject section */
		178A49B02381971100CA837C /* Project object */ = {
			isa = PBXProject;
			attributes = {
				LastSwiftUpdateCheck = 1120;
				LastUpgradeCheck = 1120;
				ORGANIZATIONNAME = "Abraham Isaac Durán";
				TargetAttributes = {
					178A49B72381971100CA837C = {
						CreatedOnToolsVersion = 11.2.1;
					};
					178A49CD2381971300CA837C = {
						CreatedOnToolsVersion = 11.2.1;
						TestTargetID = 178A49B72381971100CA837C;
					};
					178A49D82381971300CA837C = {
						CreatedOnToolsVersion = 11.2.1;
						TestTargetID = 178A49B72381971100CA837C;
					};
				};
			};
			buildConfigurationList = 178A49B32381971100CA837C /* Build configuration list for PBXProject "ListApp" */;
			compatibilityVersion = "Xcode 9.3";
			developmentRegion = en;
			hasScannedForEncodings = 0;
			knownRegions = (
				en,
				Base,
			);
			mainGroup = 178A49AF2381971100CA837C;
			productRefGroup = 178A49B92381971100CA837C /* Products */;
			projectDirPath = "";
			projectRoot = "";
			targets = (
				178A49B72381971100CA837C /* ListApp */,
				178A49CD2381971300CA837C /* ListAppTests */,
				178A49D82381971300CA837C /* ListAppUITests */,
			);
		};
/* End PBXProject section */

/* Begin PBXResourcesBuildPhase section */
		178A49B62381971100CA837C /* Resources */ = {
			isa = PBXResourcesBuildPhase;
			buildActionMask = 2147483647;
			files = (
				178A49C82381971300CA837C /* LaunchScreen.storyboard in Resources */,
				178A49C52381971300CA837C /* Assets.xcassets in Resources */,
				178A49C32381971100CA837C /* Main.storyboard in Resources */,
			);
			runOnlyForDeploymentPostprocessing = 0;
		};
		178A49CC2381971300CA837C /* Resources */ = {
			isa = PBXResourcesBuildPhase;
			buildActionMask = 2147483647;
			files = (
			);
			runOnlyForDeploymentPostprocessing = 0;
		};
		178A49D72381971300CA837C /* Resources */ = {
			isa = PBXResourcesBuildPhase;
			buildActionMask = 2147483647;
			files = (
			);
			runOnlyForDeploymentPostprocessing = 0;
		};
/* End PBXResourcesBuildPhase section */

/* Begin PBXShellScriptBuildPhase section */
		1133D8846DA62ACCB08F72DB /* [CP] Check Pods Manifest.lock */ = {
			isa = PBXShellScriptBuildPhase;
			buildActionMask = 2147483647;
			files = (
			);
			inputFileListPaths = (
			);
			inputPaths = (
				"${PODS_PODFILE_DIR_PATH}/Podfile.lock",
				"${PODS_ROOT}/Manifest.lock",
			);
			name = "[CP] Check Pods Manifest.lock";
			outputFileListPaths = (
			);
			outputPaths = (
				"$(DERIVED_FILE_DIR)/Pods-ListApp-checkManifestLockResult.txt",
			);
			runOnlyForDeploymentPostprocessing = 0;
			shellPath = /bin/sh;
			shellScript = "diff \"${PODS_PODFILE_DIR_PATH}/Podfile.lock\" \"${PODS_ROOT}/Manifest.lock\" > /dev/null\nif [ $? != 0 ] ; then\n    # print error to STDERR\n    echo \"error: The sandbox is not in sync with the Podfile.lock. Run 'pod install' or update your CocoaPods installation.\" >&2\n    exit 1\nfi\n# This output is used by Xcode 'outputs' to avoid re-running this script phase.\necho \"SUCCESS\" > \"${SCRIPT_OUTPUT_FILE_0}\"\n";
			showEnvVarsInLog = 0;
		};
		3289D421CAAC71C9C79A037A /* [CP] Check Pods Manifest.lock */ = {
			isa = PBXShellScriptBuildPhase;
			buildActionMask = 2147483647;
			files = (
			);
			inputFileListPaths = (
			);
			inputPaths = (
				"${PODS_PODFILE_DIR_PATH}/Podfile.lock",
				"${PODS_ROOT}/Manifest.lock",
			);
			name = "[CP] Check Pods Manifest.lock";
			outputFileListPaths = (
			);
			outputPaths = (
				"$(DERIVED_FILE_DIR)/Pods-ListAppUITests-checkManifestLockResult.txt",
			);
			runOnlyForDeploymentPostprocessing = 0;
			shellPath = /bin/sh;
			shellScript = "diff \"${PODS_PODFILE_DIR_PATH}/Podfile.lock\" \"${PODS_ROOT}/Manifest.lock\" > /dev/null\nif [ $? != 0 ] ; then\n    # print error to STDERR\n    echo \"error: The sandbox is not in sync with the Podfile.lock. Run 'pod install' or update your CocoaPods installation.\" >&2\n    exit 1\nfi\n# This output is used by Xcode 'outputs' to avoid re-running this script phase.\necho \"SUCCESS\" > \"${SCRIPT_OUTPUT_FILE_0}\"\n";
			showEnvVarsInLog = 0;
		};
		A13925855CF24B6463C03F6F /* [CP] Check Pods Manifest.lock */ = {
			isa = PBXShellScriptBuildPhase;
			buildActionMask = 2147483647;
			files = (
			);
			inputFileListPaths = (
			);
			inputPaths = (
				"${PODS_PODFILE_DIR_PATH}/Podfile.lock",
				"${PODS_ROOT}/Manifest.lock",
			);
			name = "[CP] Check Pods Manifest.lock";
			outputFileListPaths = (
			);
			outputPaths = (
				"$(DERIVED_FILE_DIR)/Pods-ListAppTests-checkManifestLockResult.txt",
			);
			runOnlyForDeploymentPostprocessing = 0;
			shellPath = /bin/sh;
			shellScript = "diff \"${PODS_PODFILE_DIR_PATH}/Podfile.lock\" \"${PODS_ROOT}/Manifest.lock\" > /dev/null\nif [ $? != 0 ] ; then\n    # print error to STDERR\n    echo \"error: The sandbox is not in sync with the Podfile.lock. Run 'pod install' or update your CocoaPods installation.\" >&2\n    exit 1\nfi\n# This output is used by Xcode 'outputs' to avoid re-running this script phase.\necho \"SUCCESS\" > \"${SCRIPT_OUTPUT_FILE_0}\"\n";
			showEnvVarsInLog = 0;
		};
		D84F41402D13CFFDFB3BC7F2 /* [CP] Embed Pods Frameworks */ = {
			isa = PBXShellScriptBuildPhase;
			buildActionMask = 2147483647;
			files = (
			);
			inputFileListPaths = (
				"${PODS_ROOT}/Target Support Files/Pods-ListApp/Pods-ListApp-frameworks-${CONFIGURATION}-input-files.xcfilelist",
			);
			name = "[CP] Embed Pods Frameworks";
			outputFileListPaths = (
				"${PODS_ROOT}/Target Support Files/Pods-ListApp/Pods-ListApp-frameworks-${CONFIGURATION}-output-files.xcfilelist",
			);
			runOnlyForDeploymentPostprocessing = 0;
			shellPath = /bin/sh;
			shellScript = "\"${PODS_ROOT}/Target Support Files/Pods-ListApp/Pods-ListApp-frameworks.sh\"\n";
			showEnvVarsInLog = 0;
		};
/* End PBXShellScriptBuildPhase section */

/* Begin PBXSourcesBuildPhase section */
		178A49B42381971100CA837C /* Sources */ = {
			isa = PBXSourcesBuildPhase;
			buildActionMask = 2147483647;
			files = (
				1733B7A02383C61000F3FAB4 /* LoginViewModel.swift in Sources */,
				178A4A502383828700CA837C /* UseCase.swift in Sources */,
				1733B79123839EC400F3FAB4 /* SignUpViewModel.swift in Sources */,
				17E3BA642384CE9B00FB14EE /* ShoppingListViewModel.swift in Sources */,
				178A4A482382649800CA837C /* SignUpViewController.swift in Sources */,
				178A49C02381971100CA837C /* ViewController.swift in Sources */,
				178A4A3623821F1100CA837C /* UserService.swift in Sources */,
				178A4A3C238225D400CA837C /* UIView+Extension.swift in Sources */,
				1733B78F23838D1B00F3FAB4 /* DispatchQueue+Extension.swift in Sources */,
				1733B7992383AFB400F3FAB4 /* UIViewController+Extension .swift in Sources */,
				178A4A3A2382202200CA837C /* ShoppingItem.swift in Sources */,
				17A41CDB2385293100EEA1BF /* UpdateUserProfile.swift in Sources */,
				1733B79E2383C58200F3FAB4 /* Login.swift in Sources */,
				17E3BA6E2384EBB600FB14EE /* UpdateShoppingItem.swift in Sources */,
				17E3BA6A2384E49B00FB14EE /* ListAppTabBarController.swift in Sources */,
				17A41CD9238525F300EEA1BF /* RxSimpleAnimatableDataSource.swift in Sources */,
				178A4A3823821F8200CA837C /* User.swift in Sources */,
				178A49BC2381971100CA837C /* AppDelegate.swift in Sources */,
				1733B7952383A7D800F3FAB4 /* String+Extension.swift in Sources */,
				17E3BA682384DC8C00FB14EE /* GetShoppingList.swift in Sources */,
				1733B79C2383C1C500F3FAB4 /* RxSwift+Extension.swift in Sources */,
				17E3BA662384D44C00FB14EE /* ShoppingListService.swift in Sources */,
				17E3BA702384EFF600FB14EE /* ShoppingItemTableViewCell.swift in Sources */,
				17A41CD32385172800EEA1BF /* AddShoppingItemViewController.swift in Sources */,
				178A4A4E2383827200CA837C /* SignUp.swift in Sources */,
				178A4A4C2383786F00CA837C /* ApplicationError.swift in Sources */,
				178A49BE2381971100CA837C /* SceneDelegate.swift in Sources */,
				178A4A3F23823A2300CA837C /* RoundedTextField.swift in Sources */,
				17A41CDD238529CD00EEA1BF /* ProfileViewController.swift in Sources */,
				1733B7A42383DDB000F3FAB4 /* LargeTabBar.swift in Sources */,
				178A4A342381ECBC00CA837C /* UIColor+Extension.swift in Sources */,
				1733B7972383A95900F3FAB4 /* SwinjectStoryboard+Setup.swift in Sources */,
				17A41CD7238518F100EEA1BF /* AddNewShoppingItem.swift in Sources */,
				178A4A4623825DFA00CA837C /* LoginViewController.swift in Sources */,
				17E3BA6C2384EBA500FB14EE /* DeleteShoppingItem.swift in Sources */,
				17A41CD52385173900EEA1BF /* AddShoppingItemViewModel.swift in Sources */,
				17A41CDF238529D800EEA1BF /* ProfileViewModel.swift in Sources */,
				17E3BA60238459EA00FB14EE /* ShoppingListViewController.swift in Sources */,
				178A4A4A238267EA00CA837C /* LabeledTextField.swift in Sources */,
			);
			runOnlyForDeploymentPostprocessing = 0;
		};
		178A49CA2381971300CA837C /* Sources */ = {
			isa = PBXSourcesBuildPhase;
			buildActionMask = 2147483647;
			files = (
				178A49D32381971300CA837C /* ListAppTests.swift in Sources */,
			);
			runOnlyForDeploymentPostprocessing = 0;
		};
		178A49D52381971300CA837C /* Sources */ = {
			isa = PBXSourcesBuildPhase;
			buildActionMask = 2147483647;
			files = (
				178A49DE2381971300CA837C /* ListAppUITests.swift in Sources */,
			);
			runOnlyForDeploymentPostprocessing = 0;
		};
/* End PBXSourcesBuildPhase section */

/* Begin PBXTargetDependency section */
		178A49D02381971300CA837C /* PBXTargetDependency */ = {
			isa = PBXTargetDependency;
			target = 178A49B72381971100CA837C /* ListApp */;
			targetProxy = 178A49CF2381971300CA837C /* PBXContainerItemProxy */;
		};
		178A49DB2381971300CA837C /* PBXTargetDependency */ = {
			isa = PBXTargetDependency;
			target = 178A49B72381971100CA837C /* ListApp */;
			targetProxy = 178A49DA2381971300CA837C /* PBXContainerItemProxy */;
		};
/* End PBXTargetDependency section */

/* Begin PBXVariantGroup section */
		178A49C12381971100CA837C /* Main.storyboard */ = {
			isa = PBXVariantGroup;
			children = (
				178A49C22381971100CA837C /* Base */,
			);
			name = Main.storyboard;
			sourceTree = "<group>";
		};
		178A49C62381971300CA837C /* LaunchScreen.storyboard */ = {
			isa = PBXVariantGroup;
			children = (
				178A49C72381971300CA837C /* Base */,
			);
			name = LaunchScreen.storyboard;
			sourceTree = "<group>";
		};
/* End PBXVariantGroup section */

/* Begin XCBuildConfiguration section */
		178A49E02381971300CA837C /* Debug */ = {
			isa = XCBuildConfiguration;
			buildSettings = {
				ALWAYS_SEARCH_USER_PATHS = NO;
				CLANG_ANALYZER_NONNULL = YES;
				CLANG_ANALYZER_NUMBER_OBJECT_CONVERSION = YES_AGGRESSIVE;
				CLANG_CXX_LANGUAGE_STANDARD = "gnu++14";
				CLANG_CXX_LIBRARY = "libc++";
				CLANG_ENABLE_MODULES = YES;
				CLANG_ENABLE_OBJC_ARC = YES;
				CLANG_ENABLE_OBJC_WEAK = YES;
				CLANG_WARN_BLOCK_CAPTURE_AUTORELEASING = YES;
				CLANG_WARN_BOOL_CONVERSION = YES;
				CLANG_WARN_COMMA = YES;
				CLANG_WARN_CONSTANT_CONVERSION = YES;
				CLANG_WARN_DEPRECATED_OBJC_IMPLEMENTATIONS = YES;
				CLANG_WARN_DIRECT_OBJC_ISA_USAGE = YES_ERROR;
				CLANG_WARN_DOCUMENTATION_COMMENTS = YES;
				CLANG_WARN_EMPTY_BODY = YES;
				CLANG_WARN_ENUM_CONVERSION = YES;
				CLANG_WARN_INFINITE_RECURSION = YES;
				CLANG_WARN_INT_CONVERSION = YES;
				CLANG_WARN_NON_LITERAL_NULL_CONVERSION = YES;
				CLANG_WARN_OBJC_IMPLICIT_RETAIN_SELF = YES;
				CLANG_WARN_OBJC_LITERAL_CONVERSION = YES;
				CLANG_WARN_OBJC_ROOT_CLASS = YES_ERROR;
				CLANG_WARN_RANGE_LOOP_ANALYSIS = YES;
				CLANG_WARN_STRICT_PROTOTYPES = YES;
				CLANG_WARN_SUSPICIOUS_MOVE = YES;
				CLANG_WARN_UNGUARDED_AVAILABILITY = YES_AGGRESSIVE;
				CLANG_WARN_UNREACHABLE_CODE = YES;
				CLANG_WARN__DUPLICATE_METHOD_MATCH = YES;
				COPY_PHASE_STRIP = NO;
				DEBUG_INFORMATION_FORMAT = dwarf;
				ENABLE_STRICT_OBJC_MSGSEND = YES;
				ENABLE_TESTABILITY = YES;
				GCC_C_LANGUAGE_STANDARD = gnu11;
				GCC_DYNAMIC_NO_PIC = NO;
				GCC_NO_COMMON_BLOCKS = YES;
				GCC_OPTIMIZATION_LEVEL = 0;
				GCC_PREPROCESSOR_DEFINITIONS = (
					"DEBUG=1",
					"$(inherited)",
				);
				GCC_WARN_64_TO_32_BIT_CONVERSION = YES;
				GCC_WARN_ABOUT_RETURN_TYPE = YES_ERROR;
				GCC_WARN_UNDECLARED_SELECTOR = YES;
				GCC_WARN_UNINITIALIZED_AUTOS = YES_AGGRESSIVE;
				GCC_WARN_UNUSED_FUNCTION = YES;
				GCC_WARN_UNUSED_VARIABLE = YES;
				IPHONEOS_DEPLOYMENT_TARGET = 13.0;
				MTL_ENABLE_DEBUG_INFO = INCLUDE_SOURCE;
				MTL_FAST_MATH = YES;
				ONLY_ACTIVE_ARCH = YES;
				SDKROOT = iphoneos;
				SWIFT_ACTIVE_COMPILATION_CONDITIONS = DEBUG;
				SWIFT_OPTIMIZATION_LEVEL = "-Onone";
			};
			name = Debug;
		};
		178A49E12381971300CA837C /* Release */ = {
			isa = XCBuildConfiguration;
			buildSettings = {
				ALWAYS_SEARCH_USER_PATHS = NO;
				CLANG_ANALYZER_NONNULL = YES;
				CLANG_ANALYZER_NUMBER_OBJECT_CONVERSION = YES_AGGRESSIVE;
				CLANG_CXX_LANGUAGE_STANDARD = "gnu++14";
				CLANG_CXX_LIBRARY = "libc++";
				CLANG_ENABLE_MODULES = YES;
				CLANG_ENABLE_OBJC_ARC = YES;
				CLANG_ENABLE_OBJC_WEAK = YES;
				CLANG_WARN_BLOCK_CAPTURE_AUTORELEASING = YES;
				CLANG_WARN_BOOL_CONVERSION = YES;
				CLANG_WARN_COMMA = YES;
				CLANG_WARN_CONSTANT_CONVERSION = YES;
				CLANG_WARN_DEPRECATED_OBJC_IMPLEMENTATIONS = YES;
				CLANG_WARN_DIRECT_OBJC_ISA_USAGE = YES_ERROR;
				CLANG_WARN_DOCUMENTATION_COMMENTS = YES;
				CLANG_WARN_EMPTY_BODY = YES;
				CLANG_WARN_ENUM_CONVERSION = YES;
				CLANG_WARN_INFINITE_RECURSION = YES;
				CLANG_WARN_INT_CONVERSION = YES;
				CLANG_WARN_NON_LITERAL_NULL_CONVERSION = YES;
				CLANG_WARN_OBJC_IMPLICIT_RETAIN_SELF = YES;
				CLANG_WARN_OBJC_LITERAL_CONVERSION = YES;
				CLANG_WARN_OBJC_ROOT_CLASS = YES_ERROR;
				CLANG_WARN_RANGE_LOOP_ANALYSIS = YES;
				CLANG_WARN_STRICT_PROTOTYPES = YES;
				CLANG_WARN_SUSPICIOUS_MOVE = YES;
				CLANG_WARN_UNGUARDED_AVAILABILITY = YES_AGGRESSIVE;
				CLANG_WARN_UNREACHABLE_CODE = YES;
				CLANG_WARN__DUPLICATE_METHOD_MATCH = YES;
				COPY_PHASE_STRIP = NO;
				DEBUG_INFORMATION_FORMAT = "dwarf-with-dsym";
				ENABLE_NS_ASSERTIONS = NO;
				ENABLE_STRICT_OBJC_MSGSEND = YES;
				GCC_C_LANGUAGE_STANDARD = gnu11;
				GCC_NO_COMMON_BLOCKS = YES;
				GCC_WARN_64_TO_32_BIT_CONVERSION = YES;
				GCC_WARN_ABOUT_RETURN_TYPE = YES_ERROR;
				GCC_WARN_UNDECLARED_SELECTOR = YES;
				GCC_WARN_UNINITIALIZED_AUTOS = YES_AGGRESSIVE;
				GCC_WARN_UNUSED_FUNCTION = YES;
				GCC_WARN_UNUSED_VARIABLE = YES;
				IPHONEOS_DEPLOYMENT_TARGET = 13.0;
				MTL_ENABLE_DEBUG_INFO = NO;
				MTL_FAST_MATH = YES;
				SDKROOT = iphoneos;
				SWIFT_COMPILATION_MODE = wholemodule;
				SWIFT_OPTIMIZATION_LEVEL = "-O";
				VALIDATE_PRODUCT = YES;
			};
			name = Release;
		};
		178A49E32381971300CA837C /* Debug */ = {
			isa = XCBuildConfiguration;
			baseConfigurationReference = DE3B2810F03F8016335FECD4 /* Pods-ListApp.debug.xcconfig */;
			buildSettings = {
				ASSETCATALOG_COMPILER_APPICON_NAME = AppIcon;
				CODE_SIGN_STYLE = Automatic;
				DEVELOPMENT_TEAM = 7MR9JRR7PY;
				INFOPLIST_FILE = ListApp/Info.plist;
				LD_RUNPATH_SEARCH_PATHS = (
					"$(inherited)",
					"@executable_path/Frameworks",
				);
				PRODUCT_BUNDLE_IDENTIFIER = com.abrahamduran.ListApp;
				PRODUCT_NAME = "$(TARGET_NAME)";
				SWIFT_VERSION = 5.0;
				TARGETED_DEVICE_FAMILY = 1;
			};
			name = Debug;
		};
		178A49E42381971300CA837C /* Release */ = {
			isa = XCBuildConfiguration;
			baseConfigurationReference = 5E3781FC40DAA32EEDBBF0DF /* Pods-ListApp.release.xcconfig */;
			buildSettings = {
				ASSETCATALOG_COMPILER_APPICON_NAME = AppIcon;
				CODE_SIGN_STYLE = Automatic;
				DEVELOPMENT_TEAM = 7MR9JRR7PY;
				INFOPLIST_FILE = ListApp/Info.plist;
				LD_RUNPATH_SEARCH_PATHS = (
					"$(inherited)",
					"@executable_path/Frameworks",
				);
				PRODUCT_BUNDLE_IDENTIFIER = com.abrahamduran.ListApp;
				PRODUCT_NAME = "$(TARGET_NAME)";
				SWIFT_VERSION = 5.0;
				TARGETED_DEVICE_FAMILY = 1;
			};
			name = Release;
		};
		178A49E62381971300CA837C /* Debug */ = {
			isa = XCBuildConfiguration;
			baseConfigurationReference = D28BD7F5A38D935B091D1806 /* Pods-ListAppTests.debug.xcconfig */;
			buildSettings = {
				ALWAYS_EMBED_SWIFT_STANDARD_LIBRARIES = YES;
				BUNDLE_LOADER = "$(TEST_HOST)";
				CODE_SIGN_STYLE = Automatic;
				DEVELOPMENT_TEAM = 7MR9JRR7PY;
				INFOPLIST_FILE = ListAppTests/Info.plist;
				IPHONEOS_DEPLOYMENT_TARGET = 13.2;
				LD_RUNPATH_SEARCH_PATHS = (
					"$(inherited)",
					"@executable_path/Frameworks",
					"@loader_path/Frameworks",
				);
				PRODUCT_BUNDLE_IDENTIFIER = com.abrahamduran.ListAppTests;
				PRODUCT_NAME = "$(TARGET_NAME)";
				SWIFT_VERSION = 5.0;
				TARGETED_DEVICE_FAMILY = "1,2";
				TEST_HOST = "$(BUILT_PRODUCTS_DIR)/ListApp.app/ListApp";
			};
			name = Debug;
		};
		178A49E72381971300CA837C /* Release */ = {
			isa = XCBuildConfiguration;
			baseConfigurationReference = E9BD60D862801ED6F07B39C1 /* Pods-ListAppTests.release.xcconfig */;
			buildSettings = {
				ALWAYS_EMBED_SWIFT_STANDARD_LIBRARIES = YES;
				BUNDLE_LOADER = "$(TEST_HOST)";
				CODE_SIGN_STYLE = Automatic;
				DEVELOPMENT_TEAM = 7MR9JRR7PY;
				INFOPLIST_FILE = ListAppTests/Info.plist;
				IPHONEOS_DEPLOYMENT_TARGET = 13.2;
				LD_RUNPATH_SEARCH_PATHS = (
					"$(inherited)",
					"@executable_path/Frameworks",
					"@loader_path/Frameworks",
				);
				PRODUCT_BUNDLE_IDENTIFIER = com.abrahamduran.ListAppTests;
				PRODUCT_NAME = "$(TARGET_NAME)";
				SWIFT_VERSION = 5.0;
				TARGETED_DEVICE_FAMILY = "1,2";
				TEST_HOST = "$(BUILT_PRODUCTS_DIR)/ListApp.app/ListApp";
			};
			name = Release;
		};
		178A49E92381971300CA837C /* Debug */ = {
			isa = XCBuildConfiguration;
			baseConfigurationReference = AA9425B67F6A95DE7C01DEB6 /* Pods-ListAppUITests.debug.xcconfig */;
			buildSettings = {
				ALWAYS_EMBED_SWIFT_STANDARD_LIBRARIES = YES;
				CODE_SIGN_STYLE = Automatic;
				DEVELOPMENT_TEAM = 7MR9JRR7PY;
				INFOPLIST_FILE = ListAppUITests/Info.plist;
				LD_RUNPATH_SEARCH_PATHS = (
					"$(inherited)",
					"@executable_path/Frameworks",
					"@loader_path/Frameworks",
				);
				PRODUCT_BUNDLE_IDENTIFIER = com.abrahamduran.ListAppUITests;
				PRODUCT_NAME = "$(TARGET_NAME)";
				SWIFT_VERSION = 5.0;
				TARGETED_DEVICE_FAMILY = "1,2";
				TEST_TARGET_NAME = ListApp;
			};
			name = Debug;
		};
		178A49EA2381971300CA837C /* Release */ = {
			isa = XCBuildConfiguration;
			baseConfigurationReference = C34D2ACA5102DDB27C9B12C4 /* Pods-ListAppUITests.release.xcconfig */;
			buildSettings = {
				ALWAYS_EMBED_SWIFT_STANDARD_LIBRARIES = YES;
				CODE_SIGN_STYLE = Automatic;
				DEVELOPMENT_TEAM = 7MR9JRR7PY;
				INFOPLIST_FILE = ListAppUITests/Info.plist;
				LD_RUNPATH_SEARCH_PATHS = (
					"$(inherited)",
					"@executable_path/Frameworks",
					"@loader_path/Frameworks",
				);
				PRODUCT_BUNDLE_IDENTIFIER = com.abrahamduran.ListAppUITests;
				PRODUCT_NAME = "$(TARGET_NAME)";
				SWIFT_VERSION = 5.0;
				TARGETED_DEVICE_FAMILY = "1,2";
				TEST_TARGET_NAME = ListApp;
			};
			name = Release;
		};
/* End XCBuildConfiguration section */

/* Begin XCConfigurationList section */
		178A49B32381971100CA837C /* Build configuration list for PBXProject "ListApp" */ = {
			isa = XCConfigurationList;
			buildConfigurations = (
				178A49E02381971300CA837C /* Debug */,
				178A49E12381971300CA837C /* Release */,
			);
			defaultConfigurationIsVisible = 0;
			defaultConfigurationName = Release;
		};
		178A49E22381971300CA837C /* Build configuration list for PBXNativeTarget "ListApp" */ = {
			isa = XCConfigurationList;
			buildConfigurations = (
				178A49E32381971300CA837C /* Debug */,
				178A49E42381971300CA837C /* Release */,
			);
			defaultConfigurationIsVisible = 0;
			defaultConfigurationName = Release;
		};
		178A49E52381971300CA837C /* Build configuration list for PBXNativeTarget "ListAppTests" */ = {
			isa = XCConfigurationList;
			buildConfigurations = (
				178A49E62381971300CA837C /* Debug */,
				178A49E72381971300CA837C /* Release */,
			);
			defaultConfigurationIsVisible = 0;
			defaultConfigurationName = Release;
		};
		178A49E82381971300CA837C /* Build configuration list for PBXNativeTarget "ListAppUITests" */ = {
			isa = XCConfigurationList;
			buildConfigurations = (
				178A49E92381971300CA837C /* Debug */,
				178A49EA2381971300CA837C /* Release */,
			);
			defaultConfigurationIsVisible = 0;
			defaultConfigurationName = Release;
		};
/* End XCConfigurationList section */
	};
	rootObject = 178A49B02381971100CA837C /* Project object */;
}
